{
  "requires": true,
  "lockfileVersion": 1,
  "dependencies": {
    "neo-async": {
      "version": "2.6.2",
      "resolved": "https://registry.npmjs.org/neo-async/-/neo-async-2.6.2.tgz",
      "integrity": "sha512-Yd3UES5mWCSqR+qNT93S3UoYUkqAZ9lLg8a7g9rimsWmYGK8cVToA4/sF3RrshdyV3sAGMXVUmpMYOw+dLpOuw==",
      "dev": true
    },
    "sass-loader": {
      "version": "16.0.5",
      "resolved": "https://registry.npmjs.org/sass-loader/-/sass-loader-16.0.5.tgz",
      "integrity": "sha512-oL+CMBXrj6BZ/zOq4os+UECPL+bWqt6OAC6DWS8Ln8GZRcMDjlJ4JC3FBDuHJdYaFWIdKNIBYmtZtK2MaMkNIw==",
      "dev": true,
      "requires": {
        "neo-async": "^2.6.2"
      }
    }
  }
}
